
Microsoft Visual Studio Solution File, Format Version 12.00
# Visual Studio Version 17
VisualStudioVersion = 17.12.35309.182
MinimumVisualStudioVersion = 10.0.40219.1
Project("{FAE04EC0-301F-11D3-BF4B-00C04F79EFBC}") = "TestPlugin", "TestPlugin\TestPlugin.csproj", "{57E64289-5D69-4AA1-BEF0-D0D96A55EE8F}"
EndProject
Project("{FAE04EC0-301F-11D3-BF4B-00C04F79EFBC}") = "CounterStrikeSharp.API", "CounterStrikeSharp.API\CounterStrikeSharp.API.csproj", "{55B47E41-61AA-4D75-9069-CB14328107B7}"
EndProject
Project("{FAE04EC0-301F-11D3-BF4B-00C04F79EFBC}") = "CodeGen.Natives", "..\tooling\CodeGen.Natives\CodeGen.Natives.csproj", "{5C873ECF-A943-45AA-A3C0-E442EB4477BD}"
EndProject
Project("{FAE04EC0-301F-11D3-BF4B-00C04F79EFBC}") = "CounterStrikeSharp.SchemaGen", "CounterStrikeSharp.SchemaGen\CounterStrikeSharp.SchemaGen.csproj", "{D470646C-9BBB-4030-B267-58537A4B0026}"
EndProject
Project("{FAE04EC0-301F-11D3-BF4B-00C04F79EFBC}") = "WarcraftPlugin", "..\examples\WarcraftPlugin\WarcraftPlugin.csproj", "{DAE388A8-94A4-4C24-9450-E34677EEA2CF}"
EndProject
Project("{2150E333-8FDC-42A3-9474-1A3956D46DE8}") = "Examples", "Examples", "{7DF99C35-881D-4FF2-B1C9-246BD3DECB9A}"
EndProject
Project("{FAE04EC0-301F-11D3-BF4B-00C04F79EFBC}") = "WithConfig", "..\examples\WithConfig\WithConfig.csproj", "{2846604A-5B9F-4D80-9476-657C09CFDD5C}"
EndProject
Project("{FAE04EC0-301F-11D3-BF4B-00C04F79EFBC}") = "HelloWorld", "..\examples\HelloWorld\HelloWorld.csproj", "{DDA4F93A-7D4A-4698-8C2A-5DAE7FBCDC72}"
EndProject
Project("{FAE04EC0-301F-11D3-BF4B-00C04F79EFBC}") = "WithDependencyInjection", "..\examples\WithDependencyInjection\WithDependencyInjection.csproj", "{E497E40C-A7B4-41A7-A1C6-2EC6698FF3BF}"
EndProject
Project("{FAE04EC0-301F-11D3-BF4B-00C04F79EFBC}") = "WithCommands", "..\examples\WithCommands\WithCommands.csproj", "{EA2F596E-2236-4999-B476-B1FDA287674A}"
EndProject
Project("{FAE04EC0-301F-11D3-BF4B-00C04F79EFBC}") = "WithGameEventHandlers", "..\examples\WithGameEventHandlers\WithGameEventHandlers.csproj", "{3032F3FA-E20A-4581-9A08-2FB5FF1524F4}"
EndProject
Project("{FAE04EC0-301F-11D3-BF4B-00C04F79EFBC}") = "WithDatabaseDapper", "..\examples\WithDatabaseDapper\WithDatabaseDapper.csproj", "{A641D8D7-35F1-48AB-AABA-EDFB6B7FC49B}"
EndProject
Project("{FAE04EC0-301F-11D3-BF4B-00C04F79EFBC}") = "WithEntityOutputHooks", "..\examples\WithEntityOutputHooks\WithEntityOutputHooks.csproj", "{31EABE0B-871F-497B-BF36-37FFC6FAD15F}"
EndProject
Project("{FAE04EC0-301F-11D3-BF4B-00C04F79EFBC}") = "CounterStrikeSharp.API.Tests", "CounterStrikeSharp.API.Tests\CounterStrikeSharp.API.Tests.csproj", "{BBA80E1B-109D-4ABD-9ADF-46EB0FEDFCD3}"
EndProject
Project("{FAE04EC0-301F-11D3-BF4B-00C04F79EFBC}") = "WithTranslations", "..\examples\WithTranslations\WithTranslations.csproj", "{BB44E08E-CCA8-4E22-A132-11B2F69D1890}"
EndProject
Project("{FAE04EC0-301F-11D3-BF4B-00C04F79EFBC}") = "WithVoiceOverrides", "..\examples\WithVoiceOverrides\WithVoiceOverrides.csproj", "{6FA3107D-42AF-42A0-BF51-2230D13268B5}"
EndProject
Project("{FAE04EC0-301F-11D3-BF4B-00C04F79EFBC}") = "WithFakeConvars", "..\examples\WithFakeConvars\WithFakeConvars.csproj", "{1309954E-FAF7-47A5-9FF9-C7263B33E4E3}"
EndProject
Project("{FAE04EC0-301F-11D3-BF4B-00C04F79EFBC}") = "WithSharedTypes", "..\examples\WithSharedTypes\WithSharedTypes.csproj", "{4E5289B5-E81D-421C-B340-B98B6FFE09D1}"
EndProject
Project("{FAE04EC0-301F-11D3-BF4B-00C04F79EFBC}") = "MySharedTypes.Contracts", "..\examples\MySharedTypes.Contracts\MySharedTypes.Contracts\MySharedTypes.Contracts.csproj", "{A37676EA-CF2F-424D-85A1-C359D07A679D}"
EndProject
Project("{FAE04EC0-301F-11D3-BF4B-00C04F79EFBC}") = "WithSharedTypesConsumer", "..\examples\WithSharedTypesConsumer\WithSharedTypesConsumer.csproj", "{76AD7BB0-A096-4336-83E2-B32CAE4E9933}"
EndProject
Project("{FAE04EC0-301F-11D3-BF4B-00C04F79EFBC}") = "WithUserMessages", "..\examples\WithUserMessages\WithUserMessages.csproj", "{A14029BA-CADE-4F25-ADC5-48CF14332F61}"
EndProject
Project("{FAE04EC0-301F-11D3-BF4B-00C04F79EFBC}") = "WithCheckTransmit", "..\examples\WithCheckTransmit\WithCheckTransmit.csproj", "{854B06B5-0E7B-438A-BA51-3F299557F884}"
EndProject
Project("{FAE04EC0-301F-11D3-BF4B-00C04F79EFBC}") = "NativeTestsPlugin", "CounterStrikeSharp.Tests.Native\NativeTestsPlugin.csproj", "{317D3A98-D5C6-40BC-9234-CDAFC033ED0F}"
EndProject
Global
	GlobalSection(SolutionConfigurationPlatforms) = preSolution
		Debug|Any CPU = Debug|Any CPU
		Release|Any CPU = Release|Any CPU
	EndGlobalSection
	GlobalSection(ProjectConfigurationPlatforms) = postSolution
		{57E64289-5D69-4AA1-BEF0-D0D96A55EE8F}.Debug|Any CPU.ActiveCfg = Debug|Any CPU
		{57E64289-5D69-4AA1-BEF0-D0D96A55EE8F}.Debug|Any CPU.Build.0 = Debug|Any CPU
		{57E64289-5D69-4AA1-BEF0-D0D96A55EE8F}.Release|Any CPU.ActiveCfg = Release|Any CPU
		{57E64289-5D69-4AA1-BEF0-D0D96A55EE8F}.Release|Any CPU.Build.0 = Release|Any CPU
		{55B47E41-61AA-4D75-9069-CB14328107B7}.Debug|Any CPU.ActiveCfg = Debug|Any CPU
		{55B47E41-61AA-4D75-9069-CB14328107B7}.Debug|Any CPU.Build.0 = Debug|Any CPU
		{55B47E41-61AA-4D75-9069-CB14328107B7}.Release|Any CPU.ActiveCfg = Release|Any CPU
		{55B47E41-61AA-4D75-9069-CB14328107B7}.Release|Any CPU.Build.0 = Release|Any CPU
		{5C873ECF-A943-45AA-A3C0-E442EB4477BD}.Debug|Any CPU.ActiveCfg = Debug|Any CPU
		{5C873ECF-A943-45AA-A3C0-E442EB4477BD}.Debug|Any CPU.Build.0 = Debug|Any CPU
		{5C873ECF-A943-45AA-A3C0-E442EB4477BD}.Release|Any CPU.ActiveCfg = Release|Any CPU
		{5C873ECF-A943-45AA-A3C0-E442EB4477BD}.Release|Any CPU.Build.0 = Release|Any CPU
		{D470646C-9BBB-4030-B267-58537A4B0026}.Debug|Any CPU.ActiveCfg = Debug|Any CPU
		{D470646C-9BBB-4030-B267-58537A4B0026}.Debug|Any CPU.Build.0 = Debug|Any CPU
		{D470646C-9BBB-4030-B267-58537A4B0026}.Release|Any CPU.ActiveCfg = Release|Any CPU
		{D470646C-9BBB-4030-B267-58537A4B0026}.Release|Any CPU.Build.0 = Release|Any CPU
		{DAE388A8-94A4-4C24-9450-E34677EEA2CF}.Debug|Any CPU.ActiveCfg = Debug|Any CPU
		{DAE388A8-94A4-4C24-9450-E34677EEA2CF}.Debug|Any CPU.Build.0 = Debug|Any CPU
		{DAE388A8-94A4-4C24-9450-E34677EEA2CF}.Release|Any CPU.ActiveCfg = Release|Any CPU
		{DAE388A8-94A4-4C24-9450-E34677EEA2CF}.Release|Any CPU.Build.0 = Release|Any CPU
		{2846604A-5B9F-4D80-9476-657C09CFDD5C}.Debug|Any CPU.ActiveCfg = Debug|Any CPU
		{2846604A-5B9F-4D80-9476-657C09CFDD5C}.Debug|Any CPU.Build.0 = Debug|Any CPU
		{2846604A-5B9F-4D80-9476-657C09CFDD5C}.Release|Any CPU.ActiveCfg = Release|Any CPU
		{2846604A-5B9F-4D80-9476-657C09CFDD5C}.Release|Any CPU.Build.0 = Release|Any CPU
		{DDA4F93A-7D4A-4698-8C2A-5DAE7FBCDC72}.Debug|Any CPU.ActiveCfg = Debug|Any CPU
		{DDA4F93A-7D4A-4698-8C2A-5DAE7FBCDC72}.Debug|Any CPU.Build.0 = Debug|Any CPU
		{DDA4F93A-7D4A-4698-8C2A-5DAE7FBCDC72}.Release|Any CPU.ActiveCfg = Release|Any CPU
		{DDA4F93A-7D4A-4698-8C2A-5DAE7FBCDC72}.Release|Any CPU.Build.0 = Release|Any CPU
		{E497E40C-A7B4-41A7-A1C6-2EC6698FF3BF}.Debug|Any CPU.ActiveCfg = Debug|Any CPU
		{E497E40C-A7B4-41A7-A1C6-2EC6698FF3BF}.Debug|Any CPU.Build.0 = Debug|Any CPU
		{E497E40C-A7B4-41A7-A1C6-2EC6698FF3BF}.Release|Any CPU.ActiveCfg = Release|Any CPU
		{E497E40C-A7B4-41A7-A1C6-2EC6698FF3BF}.Release|Any CPU.Build.0 = Release|Any CPU
		{EA2F596E-2236-4999-B476-B1FDA287674A}.Debug|Any CPU.ActiveCfg = Debug|Any CPU
		{EA2F596E-2236-4999-B476-B1FDA287674A}.Debug|Any CPU.Build.0 = Debug|Any CPU
		{EA2F596E-2236-4999-B476-B1FDA287674A}.Release|Any CPU.ActiveCfg = Release|Any CPU
		{EA2F596E-2236-4999-B476-B1FDA287674A}.Release|Any CPU.Build.0 = Release|Any CPU
		{3032F3FA-E20A-4581-9A08-2FB5FF1524F4}.Debug|Any CPU.ActiveCfg = Debug|Any CPU
		{3032F3FA-E20A-4581-9A08-2FB5FF1524F4}.Debug|Any CPU.Build.0 = Debug|Any CPU
		{3032F3FA-E20A-4581-9A08-2FB5FF1524F4}.Release|Any CPU.ActiveCfg = Release|Any CPU
		{3032F3FA-E20A-4581-9A08-2FB5FF1524F4}.Release|Any CPU.Build.0 = Release|Any CPU
		{A641D8D7-35F1-48AB-AABA-EDFB6B7FC49B}.Debug|Any CPU.ActiveCfg = Debug|Any CPU
		{A641D8D7-35F1-48AB-AABA-EDFB6B7FC49B}.Debug|Any CPU.Build.0 = Debug|Any CPU
		{A641D8D7-35F1-48AB-AABA-EDFB6B7FC49B}.Release|Any CPU.ActiveCfg = Release|Any CPU
		{A641D8D7-35F1-48AB-AABA-EDFB6B7FC49B}.Release|Any CPU.Build.0 = Release|Any CPU
		{31EABE0B-871F-497B-BF36-37FFC6FAD15F}.Debug|Any CPU.ActiveCfg = Debug|Any CPU
		{31EABE0B-871F-497B-BF36-37FFC6FAD15F}.Debug|Any CPU.Build.0 = Debug|Any CPU
		{31EABE0B-871F-497B-BF36-37FFC6FAD15F}.Release|Any CPU.ActiveCfg = Release|Any CPU
		{31EABE0B-871F-497B-BF36-37FFC6FAD15F}.Release|Any CPU.Build.0 = Release|Any CPU
		{BBA80E1B-109D-4ABD-9ADF-46EB0FEDFCD3}.Debug|Any CPU.ActiveCfg = Debug|Any CPU
		{BBA80E1B-109D-4ABD-9ADF-46EB0FEDFCD3}.Debug|Any CPU.Build.0 = Debug|Any CPU
		{BBA80E1B-109D-4ABD-9ADF-46EB0FEDFCD3}.Release|Any CPU.ActiveCfg = Release|Any CPU
		{BBA80E1B-109D-4ABD-9ADF-46EB0FEDFCD3}.Release|Any CPU.Build.0 = Release|Any CPU
		{BB44E08E-CCA8-4E22-A132-11B2F69D1890}.Debug|Any CPU.ActiveCfg = Debug|Any CPU
		{BB44E08E-CCA8-4E22-A132-11B2F69D1890}.Debug|Any CPU.Build.0 = Debug|Any CPU
		{BB44E08E-CCA8-4E22-A132-11B2F69D1890}.Release|Any CPU.ActiveCfg = Release|Any CPU
		{BB44E08E-CCA8-4E22-A132-11B2F69D1890}.Release|Any CPU.Build.0 = Release|Any CPU
		{6FA3107D-42AF-42A0-BF51-2230D13268B5}.Debug|Any CPU.ActiveCfg = Debug|Any CPU
		{6FA3107D-42AF-42A0-BF51-2230D13268B5}.Debug|Any CPU.Build.0 = Debug|Any CPU
		{6FA3107D-42AF-42A0-BF51-2230D13268B5}.Release|Any CPU.ActiveCfg = Release|Any CPU
		{6FA3107D-42AF-42A0-BF51-2230D13268B5}.Release|Any CPU.Build.0 = Release|Any CPU
		{1309954E-FAF7-47A5-9FF9-C7263B33E4E3}.Debug|Any CPU.ActiveCfg = Debug|Any CPU
		{1309954E-FAF7-47A5-9FF9-C7263B33E4E3}.Debug|Any CPU.Build.0 = Debug|Any CPU
		{1309954E-FAF7-47A5-9FF9-C7263B33E4E3}.Release|Any CPU.ActiveCfg = Release|Any CPU
		{1309954E-FAF7-47A5-9FF9-C7263B33E4E3}.Release|Any CPU.Build.0 = Release|Any CPU
		{4E5289B5-E81D-421C-B340-B98B6FFE09D1}.Debug|Any CPU.ActiveCfg = Debug|Any CPU
		{4E5289B5-E81D-421C-B340-B98B6FFE09D1}.Debug|Any CPU.Build.0 = Debug|Any CPU
		{4E5289B5-E81D-421C-B340-B98B6FFE09D1}.Release|Any CPU.ActiveCfg = Release|Any CPU
		{4E5289B5-E81D-421C-B340-B98B6FFE09D1}.Release|Any CPU.Build.0 = Release|Any CPU
		{A37676EA-CF2F-424D-85A1-C359D07A679D}.Debug|Any CPU.ActiveCfg = Debug|Any CPU
		{A37676EA-CF2F-424D-85A1-C359D07A679D}.Debug|Any CPU.Build.0 = Debug|Any CPU
		{A37676EA-CF2F-424D-85A1-C359D07A679D}.Release|Any CPU.ActiveCfg = Release|Any CPU
		{A37676EA-CF2F-424D-85A1-C359D07A679D}.Release|Any CPU.Build.0 = Release|Any CPU
		{76AD7BB0-A096-4336-83E2-B32CAE4E9933}.Debug|Any CPU.ActiveCfg = Debug|Any CPU
		{76AD7BB0-A096-4336-83E2-B32CAE4E9933}.Debug|Any CPU.Build.0 = Debug|Any CPU
		{76AD7BB0-A096-4336-83E2-B32CAE4E9933}.Release|Any CPU.ActiveCfg = Release|Any CPU
		{76AD7BB0-A096-4336-83E2-B32CAE4E9933}.Release|Any CPU.Build.0 = Release|Any CPU
		{A14029BA-CADE-4F25-ADC5-48CF14332F61}.Debug|Any CPU.ActiveCfg = Debug|Any CPU
		{A14029BA-CADE-4F25-ADC5-48CF14332F61}.Debug|Any CPU.Build.0 = Debug|Any CPU
		{A14029BA-CADE-4F25-ADC5-48CF14332F61}.Release|Any CPU.ActiveCfg = Release|Any CPU
		{A14029BA-CADE-4F25-ADC5-48CF14332F61}.Release|Any CPU.Build.0 = Release|Any CPU
		{854B06B5-0E7B-438A-BA51-3F299557F884}.Debug|Any CPU.ActiveCfg = Debug|Any CPU
		{854B06B5-0E7B-438A-BA51-3F299557F884}.Debug|Any CPU.Build.0 = Debug|Any CPU
		{854B06B5-0E7B-438A-BA51-3F299557F884}.Release|Any CPU.ActiveCfg = Release|Any CPU
		{854B06B5-0E7B-438A-BA51-3F299557F884}.Release|Any CPU.Build.0 = Release|Any CPU
		{317D3A98-D5C6-40BC-9234-CDAFC033ED0F}.Debug|Any CPU.ActiveCfg = Debug|Any CPU
		{317D3A98-D5C6-40BC-9234-CDAFC033ED0F}.Debug|Any CPU.Build.0 = Debug|Any CPU
		{317D3A98-D5C6-40BC-9234-CDAFC033ED0F}.Release|Any CPU.ActiveCfg = Release|Any CPU
		{317D3A98-D5C6-40BC-9234-CDAFC033ED0F}.Release|Any CPU.Build.0 = Release|Any CPU
	EndGlobalSection
	GlobalSection(SolutionProperties) = preSolution
		HideSolutionNode = FALSE
	EndGlobalSection
	GlobalSection(NestedProjects) = preSolution
		{57E64289-5D69-4AA1-BEF0-D0D96A55EE8F} = {7DF99C35-881D-4FF2-B1C9-246BD3DECB9A}
		{DAE388A8-94A4-4C24-9450-E34677EEA2CF} = {7DF99C35-881D-4FF2-B1C9-246BD3DECB9A}
		{2846604A-5B9F-4D80-9476-657C09CFDD5C} = {7DF99C35-881D-4FF2-B1C9-246BD3DECB9A}
		{DDA4F93A-7D4A-4698-8C2A-5DAE7FBCDC72} = {7DF99C35-881D-4FF2-B1C9-246BD3DECB9A}
		{E497E40C-A7B4-41A7-A1C6-2EC6698FF3BF} = {7DF99C35-881D-4FF2-B1C9-246BD3DECB9A}
		{EA2F596E-2236-4999-B476-B1FDA287674A} = {7DF99C35-881D-4FF2-B1C9-246BD3DECB9A}
		{3032F3FA-E20A-4581-9A08-2FB5FF1524F4} = {7DF99C35-881D-4FF2-B1C9-246BD3DECB9A}
		{A641D8D7-35F1-48AB-AABA-EDFB6B7FC49B} = {7DF99C35-881D-4FF2-B1C9-246BD3DECB9A}
		{31EABE0B-871F-497B-BF36-37FFC6FAD15F} = {7DF99C35-881D-4FF2-B1C9-246BD3DECB9A}
		{BB44E08E-CCA8-4E22-A132-11B2F69D1890} = {7DF99C35-881D-4FF2-B1C9-246BD3DECB9A}
		{6FA3107D-42AF-42A0-BF51-2230D13268B5} = {7DF99C35-881D-4FF2-B1C9-246BD3DECB9A}
		{1309954E-FAF7-47A5-9FF9-C7263B33E4E3} = {7DF99C35-881D-4FF2-B1C9-246BD3DECB9A}
		{4E5289B5-E81D-421C-B340-B98B6FFE09D1} = {7DF99C35-881D-4FF2-B1C9-246BD3DECB9A}
		{A37676EA-CF2F-424D-85A1-C359D07A679D} = {7DF99C35-881D-4FF2-B1C9-246BD3DECB9A}
		{76AD7BB0-A096-4336-83E2-B32CAE4E9933} = {7DF99C35-881D-4FF2-B1C9-246BD3DECB9A}
		{A14029BA-CADE-4F25-ADC5-48CF14332F61} = {7DF99C35-881D-4FF2-B1C9-246BD3DECB9A}
		{854B06B5-0E7B-438A-BA51-3F299557F884} = {7DF99C35-881D-4FF2-B1C9-246BD3DECB9A}
	EndGlobalSection
	GlobalSection(ExtensibilityGlobals) = postSolution
		SolutionGuid = {069C4CD4-BACA-446A-A6B8-0194E4F75355}
	EndGlobalSection
EndGlobal
